
Microsoft Visual Studio Solution File, Format Version 12.00
# Visual Studio 15
VisualStudioVersion = 15.0.28107.0
MinimumVisualStudioVersion = 10.0.40219.1
Project("{8BC9CEB8-8B4A-11D0-8D11-00A0C91BC942}") = "hdmioptiongui", "hdmioptiongui.vcxproj", "{0FE2614C-9198-30B3-BADF-CB0B5B3845E2}"
EndProject
Global
	GlobalSection(SolutionConfigurationPlatforms) = preSolution
		Debug|x86 = Debug|x86
		Release|x86 = Release|x86
	EndGlobalSection
	GlobalSection(ProjectConfigurationPlatforms) = postSolution
		{0FE2614C-9198-30B3-BADF-CB0B5B3845E2}.Debug|x86.ActiveCfg = Debug|Win32
		{0FE2614C-9198-30B3-BADF-CB0B5B3845E2}.Debug|x86.Build.0 = Debug|Win32
		{0FE2614C-9198-30B3-BADF-CB0B5B3845E2}.Release|x86.ActiveCfg = Release|Win32
		{0FE2614C-9198-30B3-BADF-CB0B5B3845E2}.Release|x86.Build.0 = Release|Win32
	EndGlobalSection
	GlobalSection(SolutionProperties) = preSolution
		HideSolutionNode = FALSE
	EndGlobalSection
	GlobalSection(ExtensibilityGlobals) = postSolution
		SolutionGuid = {BFB79438-96EF-4810-BCC8-9D3BF6F766A5}
	EndGlobalSection
EndGlobal
